{
  "requires": true,
  "lockfileVersion": 1,
  "dependencies": {
    "gridstack": {
      "version": "4.2.5",
      "resolved": "https://registry.npmjs.org/gridstack/-/gridstack-4.2.5.tgz",
      "integrity": "sha512-pOnUmNHlx47RTyOu9UWigmPo2YSBpAfTlQQnpAl2zvi+UxglIjUfTHEsRe4ce8qMLiS73VtmwfBwAhbEF67TLA=="
    }
  }
}
